# THIS IS AN AUTOGENERATED FILE. DO NOT EDIT THIS FILE DIRECTLY.
# yarn lockfile v1


"@next/env@13.4.6-canary.0":
  version "13.4.6-canary.0"
  resolved "https://registry.yarnpkg.com/@next/env/-/env-13.4.6-canary.0.tgz#9bfb1abcdc9fde2db87542713897815f8fa988d7"
  integrity sha512-lE/Gifnv5LKxAphkP6DexvxnbRjcIYEd2iRCbVhnVoXXMomw6Ctt5aRe562nCWKRgDsVgOYtPx3KXo2wCXYwvQ==

"@next/swc-darwin-arm64@13.4.6-canary.0":
  version "13.4.6-canary.0"
  resolved "https://registry.yarnpkg.com/@next/swc-darwin-arm64/-/swc-darwin-arm64-13.4.6-canary.0.tgz#ea6b69bfae3b754954b601f37bdbfe458a82f56e"
  integrity sha512-nAGUMyF7p51iwwT3N2XpH5rEJ0p4aFm5smfC8Pj1zUmWI7n8Mc6pn63LtMNHAfcp2j0rB+d86h0CSXBGmS2toQ==

"@next/swc-darwin-x64@13.4.6-canary.0":
  version "13.4.6-canary.0"
  resolved "https://registry.yarnpkg.com/@next/swc-darwin-x64/-/swc-darwin-x64-13.4.6-canary.0.tgz#aa1f8f8d4da486cdae84f39d7987984ff553f524"
  integrity sha512-k8Ty+c8OCFDtQW510OKIZHFq3CkmDhi/+a95B71wt7lQ8TryzERBs5DUPlLc+UXekfP0Rfv7qZhCCEqyzdWBKw==

"@next/swc-linux-arm64-gnu@13.4.6-canary.0":
  version "13.4.6-canary.0"
  resolved "https://registry.yarnpkg.com/@next/swc-linux-arm64-gnu/-/swc-linux-arm64-gnu-13.4.6-canary.0.tgz#d8197ba2cc409f529216c582305ea92baf9d5ce2"
  integrity sha512-LeemjDy+J09qaqJtkHRrj2eHdajK7lXvjVBcvKPhbSgiLwUXeDMXPOFt5GaRp3421M1ArtqDHAVViJl12kldaQ==

"@next/swc-linux-arm64-musl@13.4.6-canary.0":
  version "13.4.6-canary.0"
  resolved "https://registry.yarnpkg.com/@next/swc-linux-arm64-musl/-/swc-linux-arm64-musl-13.4.6-canary.0.tgz#7adf17d403688bfe1f02d8b8a97ffcfdad85ea09"
  integrity sha512-abmWZBVd796/53oUj22pzUq5tlxtEWEVcfssl3k+VXTgK7zRxCFFp1kNtcLQYoV8qRKrE21q/raEzTgfTurwmg==

"@next/swc-linux-x64-gnu@13.4.6-canary.0":
  version "13.4.6-canary.0"
  resolved "https://registry.yarnpkg.com/@next/swc-linux-x64-gnu/-/swc-linux-x64-gnu-13.4.6-canary.0.tgz#680a1e021d937166b329192c7ef091e8bece1bb4"
  integrity sha512-72Sz3BCtnSbzhewOs8Uuh9Z9b/auy0acuFzKVakWx4t8kL1bhdw9ibMNHDyAHcDwPSmPUF+kJCyIrlajHmVCwQ==

"@next/swc-linux-x64-musl@13.4.6-canary.0":
  version "13.4.6-canary.0"
  resolved "https://registry.yarnpkg.com/@next/swc-linux-x64-musl/-/swc-linux-x64-musl-13.4.6-canary.0.tgz#5f4babfce21c0d615641b13b136fa8d357a98dc1"
  integrity sha512-BG48ATo+1So/SpadH2yXlns+E2y8shyUVIXEr5AEJKk7x6wGut/QL47wMvUtQr9j2Dp1RYdwaD/NmJQ+gNin9w==

"@next/swc-win32-arm64-msvc@13.4.6-canary.0":
  version "13.4.6-canary.0"
  resolved "https://registry.yarnpkg.com/@next/swc-win32-arm64-msvc/-/swc-win32-arm64-msvc-13.4.6-canary.0.tgz#c08408509f6da70775a2d614bd7611ba40195655"
  integrity sha512-HDqO0QQuX6Vq/kuercgqR/ymg0eSU+3gxbp+tikfTbjNr3AoQ4FpWR60l9N8I+G+36UZKKGfC4XM+ARxVlNBsA==

"@next/swc-win32-ia32-msvc@13.4.6-canary.0":
  version "13.4.6-canary.0"
  resolved "https://registry.yarnpkg.com/@next/swc-win32-ia32-msvc/-/swc-win32-ia32-msvc-13.4.6-canary.0.tgz#1195b2b649d122bccc69fdd0c146f3df166ce520"
  integrity sha512-iUHtAFX7V/9+rji1MvL3WmcbYEptEsgWJWZeMCGkuNJDkdWgwjxDidR2s0y2IaSZ2JlLtFi/ZIDE9yJvZADyQA==

"@next/swc-win32-x64-msvc@13.4.6-canary.0":
  version "13.4.6-canary.0"
  resolved "https://registry.yarnpkg.com/@next/swc-win32-x64-msvc/-/swc-win32-x64-msvc-13.4.6-canary.0.tgz#5eef4932992ec0c79fac5809ae0f340c3a71517d"
  integrity sha512-ceDJkkIgoIlKtq+uk0Rujik3+QF9PFu36aXurxV4OHsN+mLaAGdddqaQ4X6sDCVEit3geOAtdBuNYpXpTbNgVA==

"@swc/helpers@0.5.1":
  version "0.5.1"
  resolved "https://registry.yarnpkg.com/@swc/helpers/-/helpers-0.5.1.tgz#e9031491aa3f26bfcc974a67f48bd456c8a5357a"
  integrity sha512-sJ902EfIzn1Fa+qYmjdQqh8tPsoxyBz+8yBKC2HKUxyezKJFwPGOn7pv4WY6QuQW//ySQi5lJjA/ZT9sNWWNTg==
  dependencies:
    tslib "^2.4.0"

"@types/node@20.3.1":
  version "20.3.1"
  resolved "https://registry.yarnpkg.com/@types/node/-/node-20.3.1.tgz#e8a83f1aa8b649377bb1fb5d7bac5cb90e784dfe"
  integrity sha512-EhcH/wvidPy1WeML3TtYFGR83UzjxeWRen9V402T8aUGYsCHOmfoisV3ZSg03gAFIbLq8TnWOJ0f4cALtnSEUg==

"@types/prop-types@*":
  version "15.7.5"
  resolved "https://registry.yarnpkg.com/@types/prop-types/-/prop-types-15.7.5.tgz#5f19d2b85a98e9558036f6a3cacc8819420f05cf"
  integrity sha512-JCB8C6SnDoQf0cNycqd/35A7MjcnK+ZTqE7judS6o7utxUCg6imJg3QK2qzHKszlTjcj2cn+NwMB2i96ubpj7w==

"@types/react-dom@18.2.5":
  version "18.2.5"
  resolved "https://registry.yarnpkg.com/@types/react-dom/-/react-dom-18.2.5.tgz#5c5f13548bda23cd98f50ca4a59107238bfe18f3"
  integrity sha512-sRQsOS/sCLnpQhR4DSKGTtWFE3FZjpQa86KPVbhUqdYMRZ9FEFcfAytKhR/vUG2rH1oFbOOej6cuD7MFSobDRQ==
  dependencies:
    "@types/react" "*"

"@types/react@*", "@types/react@18.2.12":
  version "18.2.12"
  resolved "https://registry.yarnpkg.com/@types/react/-/react-18.2.12.tgz#95d584338610b78bb9ba0415e3180fb03debdf97"
  integrity sha512-ndmBMLCgn38v3SntMeoJaIrO6tGHYKMEBohCUmw8HoLLQdRMOIGXfeYaBTLe2lsFaSB3MOK1VXscYFnmLtTSmw==
  dependencies:
    "@types/prop-types" "*"
    "@types/scheduler" "*"
    csstype "^3.0.2"

"@types/scheduler@*":
  version "0.16.3"
  resolved "https://registry.yarnpkg.com/@types/scheduler/-/scheduler-0.16.3.tgz#cef09e3ec9af1d63d2a6cc5b383a737e24e6dcf5"
  integrity sha512-5cJ8CB4yAx7BH1oMvdU0Jh9lrEXyPkar6F9G/ERswkCuvP4KQZfZkSjcMbAICCpQTN4OuZn8tz0HiKv9TGZgrQ==

busboy@1.6.0:
  version "1.6.0"
  resolved "https://registry.yarnpkg.com/busboy/-/busboy-1.6.0.tgz#966ea36a9502e43cdb9146962523b92f531f6893"
  integrity sha512-8SFQbg/0hQ9xy3UNTB0YEnsNBbWfhf7RtnzpL7TkBiTBRfrQ9Fxcnz7VJsleJpyp6rVLvXiuORqjlHi5q+PYuA==
  dependencies:
    streamsearch "^1.1.0"

caniuse-lite@^1.0.30001406:
  version "1.0.30001502"
  resolved "https://registry.yarnpkg.com/caniuse-lite/-/caniuse-lite-1.0.30001502.tgz#f7e4a76eb1d2d585340f773767be1fefc118dca8"
  integrity sha512-AZ+9tFXw1sS0o0jcpJQIXvFTOB/xGiQ4OQ2t98QX3NDn2EZTSRBC801gxrsGgViuq2ak/NLkNgSNEPtCr5lfKg==

client-only@0.0.1:
  version "0.0.1"
  resolved "https://registry.yarnpkg.com/client-only/-/client-only-0.0.1.tgz#38bba5d403c41ab150bff64a95c85013cf73bca1"
  integrity sha512-IV3Ou0jSMzZrd3pZ48nLkT9DA7Ag1pnPzaiQhpW7c3RbcqqzvzzVu+L8gfqMp/8IM2MQtSiqaCxrrcfu8I8rMA==

csstype@^3.0.2:
  version "3.1.2"
  resolved "https://registry.yarnpkg.com/csstype/-/csstype-3.1.2.tgz#1d4bf9d572f11c14031f0436e1c10bc1f571f50b"
  integrity sha512-I7K1Uu0MBPzaFKg4nI5Q7Vs2t+3gWWW648spaF+Rg7pI9ds18Ugn+lvg4SHczUdKlHI5LWBXyqfS8+DufyBsgQ==

glob-to-regexp@^0.4.1:
  version "0.4.1"
  resolved "https://registry.yarnpkg.com/glob-to-regexp/-/glob-to-regexp-0.4.1.tgz#c75297087c851b9a578bd217dd59a92f59fe546e"
  integrity sha512-lkX1HJXwyMcprw/5YUZc2s7DrpAiHB21/V+E1rHUrVNokkvB6bqMzT0VfV6/86ZNabt1k14YOIaT7nDvOX3Iiw==

graceful-fs@^4.1.2:
  version "4.2.11"
  resolved "https://registry.yarnpkg.com/graceful-fs/-/graceful-fs-4.2.11.tgz#4183e4e8bf08bb6e05bbb2f7d2e0c8f712ca40e3"
  integrity sha512-RbJ5/jmFcNNCcDV5o9eTnBLJ/HszWV0P73bc+Ff4nS/rJj+YaS6IGyiOL0VoBYX+l1Wrl3k63h/KrH+nhJ0XvQ==

"js-tokens@^3.0.0 || ^4.0.0":
  version "4.0.0"
  resolved "https://registry.yarnpkg.com/js-tokens/-/js-tokens-4.0.0.tgz#19203fb59991df98e3a287050d4647cdeaf32499"
  integrity sha512-RdJUflcE3cUzKiMqQgsCu06FPu9UdIJO0beYbPhHN4k6apgJtifcoCtT9bcxOpYBtpD2kCM6Sbzg4CausW/PKQ==

loose-envify@^1.1.0:
  version "1.4.0"
  resolved "https://registry.yarnpkg.com/loose-envify/-/loose-envify-1.4.0.tgz#71ee51fa7be4caec1a63839f7e682d8132d30caf"
  integrity sha512-lyuxPGr/Wfhrlem2CL/UcnUc1zcqKAImBDzukY7Y5F/yQiNdko6+fRLevlw1HgMySw7f611UIY408EtxRSoK3Q==
  dependencies:
    js-tokens "^3.0.0 || ^4.0.0"

nanoid@^3.3.4:
  version "3.3.6"
  resolved "https://registry.yarnpkg.com/nanoid/-/nanoid-3.3.6.tgz#443380c856d6e9f9824267d960b4236ad583ea4c"
  integrity sha512-BGcqMMJuToF7i1rt+2PWSNVnWIkGCU78jBG3RxO/bZlnZPK2Cmi2QaffxGO/2RvWi9sL+FAiRiXMgsyxQ1DIDA==

next@^13.4.6-canary.0:
  version "13.4.6-canary.0"
  resolved "https://registry.yarnpkg.com/next/-/next-13.4.6-canary.0.tgz#4f29c9e73797a7a9a8c082150622e4d8460ec79a"
  integrity sha512-pqgkMWjBEztAxwliGS8xlJiYez2oM/1taD4XLLHqzMkzvQBdYZ0dl4d2MVZbXraNTQ6PXcs8kVKceqXAwbXtLw==
  dependencies:
    "@next/env" "13.4.6-canary.0"
    "@swc/helpers" "0.5.1"
    busboy "1.6.0"
    caniuse-lite "^1.0.30001406"
    postcss "8.4.14"
    styled-jsx "5.1.1"
    watchpack "2.4.0"
    zod "3.21.4"
  optionalDependencies:
    "@next/swc-darwin-arm64" "13.4.6-canary.0"
    "@next/swc-darwin-x64" "13.4.6-canary.0"
    "@next/swc-linux-arm64-gnu" "13.4.6-canary.0"
    "@next/swc-linux-arm64-musl" "13.4.6-canary.0"
    "@next/swc-linux-x64-gnu" "13.4.6-canary.0"
    "@next/swc-linux-x64-musl" "13.4.6-canary.0"
    "@next/swc-win32-arm64-msvc" "13.4.6-canary.0"
    "@next/swc-win32-ia32-msvc" "13.4.6-canary.0"
    "@next/swc-win32-x64-msvc" "13.4.6-canary.0"

picocolors@^1.0.0:
  version "1.0.0"
  resolved "https://registry.yarnpkg.com/picocolors/-/picocolors-1.0.0.tgz#cb5bdc74ff3f51892236eaf79d68bc44564ab81c"
  integrity sha512-1fygroTLlHu66zi26VoTDv8yRgm0Fccecssto+MhsZ0D/DGW2sm8E8AjW7NU5VVTRt5GxbeZ5qBuJr+HyLYkjQ==

postcss@8.4.14:
  version "8.4.14"
  resolved "https://registry.yarnpkg.com/postcss/-/postcss-8.4.14.tgz#ee9274d5622b4858c1007a74d76e42e56fd21caf"
  integrity sha512-E398TUmfAYFPBSdzgeieK2Y1+1cpdxJx8yXbK/m57nRhKSmk1GB2tO4lbLBtlkfPQTDKfe4Xqv1ASWPpayPEig==
  dependencies:
    nanoid "^3.3.4"
    picocolors "^1.0.0"
    source-map-js "^1.0.2"

react-dom@18.2.0:
  version "18.2.0"
  resolved "https://registry.yarnpkg.com/react-dom/-/react-dom-18.2.0.tgz#22aaf38708db2674ed9ada224ca4aa708d821e3d"
  integrity sha512-6IMTriUmvsjHUjNtEDudZfuDQUoWXVxKHhlEGSk81n4YFS+r/Kl99wXiwlVXtPBtJenozv2P+hxDsw9eA7Xo6g==
  dependencies:
    loose-envify "^1.1.0"
    scheduler "^0.23.0"

react@18.2.0:
  version "18.2.0"
  resolved "https://registry.yarnpkg.com/react/-/react-18.2.0.tgz#555bd98592883255fa00de14f1151a917b5d77d5"
  integrity sha512-/3IjMdb2L9QbBdWiW5e3P2/npwMBaU9mHCSCUzNln0ZCYbcfTsGbTJrU/kGemdH2IWmB2ioZ+zkxtmq6g09fGQ==
  dependencies:
    loose-envify "^1.1.0"

scheduler@^0.23.0:
  version "0.23.0"
  resolved "https://registry.yarnpkg.com/scheduler/-/scheduler-0.23.0.tgz#ba8041afc3d30eb206a487b6b384002e4e61fdfe"
  integrity sha512-CtuThmgHNg7zIZWAXi3AsyIzA3n4xx7aNyjwC2VJldO2LMVDhFK+63xGqq6CsJH4rTAt6/M+N4GhZiDYPx9eUw==
  dependencies:
    loose-envify "^1.1.0"

source-map-js@^1.0.2:
  version "1.0.2"
  resolved "https://registry.yarnpkg.com/source-map-js/-/source-map-js-1.0.2.tgz#adbc361d9c62df380125e7f161f71c826f1e490c"
  integrity sha512-R0XvVJ9WusLiqTCEiGCmICCMplcCkIwwR11mOSD9CR5u+IXYdiseeEuXCVAjS54zqwkLcPNnmU4OeJ6tUrWhDw==

streamsearch@^1.1.0:
  version "1.1.0"
  resolved "https://registry.yarnpkg.com/streamsearch/-/streamsearch-1.1.0.tgz#404dd1e2247ca94af554e841a8ef0eaa238da764"
  integrity sha512-Mcc5wHehp9aXz1ax6bZUyY5afg9u2rv5cqQI3mRrYkGC8rW2hM02jWuwjtL++LS5qinSyhj2QfLyNsuc+VsExg==

styled-jsx@5.1.1:
  version "5.1.1"
  resolved "https://registry.yarnpkg.com/styled-jsx/-/styled-jsx-5.1.1.tgz#839a1c3aaacc4e735fed0781b8619ea5d0009d1f"
  integrity sha512-pW7uC1l4mBZ8ugbiZrcIsiIvVx1UmTfw7UkC3Um2tmfUq9Bhk8IiyEIPl6F8agHgjzku6j0xQEZbfA5uSgSaCw==
  dependencies:
    client-only "0.0.1"

tslib@^2.4.0:
  version "2.5.3"
  resolved "https://registry.yarnpkg.com/tslib/-/tslib-2.5.3.tgz#24944ba2d990940e6e982c4bea147aba80209913"
  integrity sha512-mSxlJJwl3BMEQCUNnxXBU9jP4JBktcEGhURcPR6VQVlnP0FdDEsIaz0C35dXNGLyRfrATNofF0F5p2KPxQgB+w==

typescript@5.1.3:
  version "5.1.3"
  resolved "https://registry.yarnpkg.com/typescript/-/typescript-5.1.3.tgz#8d84219244a6b40b6fb2b33cc1c062f715b9e826"
  integrity sha512-XH627E9vkeqhlZFQuL+UsyAXEnibT0kWR2FWONlr4sTjvxyJYnyefgrkyECLzM5NenmKzRAy2rR/OlYLA1HkZw==

watchpack@2.4.0:
  version "2.4.0"
  resolved "https://registry.yarnpkg.com/watchpack/-/watchpack-2.4.0.tgz#fa33032374962c78113f93c7f2fb4c54c9862a5d"
  integrity sha512-Lcvm7MGST/4fup+ifyKi2hjyIAwcdI4HRgtvTpIUxBRhB+RFtUh8XtDOxUfctVCnhVi+QQj49i91OyvzkJl6cg==
  dependencies:
    glob-to-regexp "^0.4.1"
    graceful-fs "^4.1.2"

zod@3.21.4:
  version "3.21.4"
  resolved "https://registry.yarnpkg.com/zod/-/zod-3.21.4.tgz#10882231d992519f0a10b5dd58a38c9dabbb64db"
  integrity sha512-m46AKbrzKVzOzs/DZgVnG5H55N1sv1M8qZU3A8RIKbs3mrACDNeIOeilDymVb2HdmP8uwshOCF4uJ8uM9rCqJw==
